{
  "requires": true,
  "lockfileVersion": 1,
  "dependencies": {
    "jwt-decode": {
      "version": "3.1.2",
      "resolved": "https://registry.npmjs.org/jwt-decode/-/jwt-decode-3.1.2.tgz",
      "integrity": "sha512-UfpWE/VZn0iP50d8cz9NrZLM9lSWhcJ+0Gt/nm4by88UL+J1SiKN8/5dkjMmbEzwL2CAe+67GsegCbIKtbp75A=="
    },
    "ngx-pagination": {
      "version": "5.1.1",
      "resolved": "https://registry.npmjs.org/ngx-pagination/-/ngx-pagination-5.1.1.tgz",
      "integrity": "sha512-KxHES+Dn6pbetytO9ng2GAdclmo4UcwzFmQyVPWh2xRPbAlv5/ezL2xnDVBFMqCoJQaZagvdQ+ZZFbqGWqAvCQ=="
    },
    "ngx-permissions": {
      "version": "8.1.1",
      "resolved": "https://registry.npmjs.org/ngx-permissions/-/ngx-permissions-8.1.1.tgz",
      "integrity": "sha512-gxpZtyg9Hucx+sgoC+iJTYL02E6GOoDCfMKZ1rDnSzIFsyGWIsaNFbSi0FaoT4diWnQ+8B/kL4mEM7ldO/FTxA==",
      "requires": {
        "tslib": "^1.10.0"
      }
    },
    "ngx-snackbar": {
      "version": "2.0.1",
      "resolved": "https://registry.npmjs.org/ngx-snackbar/-/ngx-snackbar-2.0.1.tgz",
      "integrity": "sha512-bM5d1mrcqbWuZK+5GRAJHYm4ACBVyFILhXTtbFRMGKxG2AxFk/eHroUauahzU/7P2GZzAt8/M5wqEn5CnuRu9A=="
    },
    "tslib": {
      "version": "1.14.1",
      "resolved": "https://registry.npmjs.org/tslib/-/tslib-1.14.1.tgz",
      "integrity": "sha512-Xni35NKzjgMrwevysHTCArtLDpPvye8zV/0E4EyYn43P7/7qvQwPh9BGkHewbMulVntbigmcT7rdX3BNo9wRJg=="
    }
  }
}
